
Microsoft Visual Studio Solution File, Format Version 12.00
# Visual Studio Version 17
VisualStudioVersion = 17.5.002.0
MinimumVisualStudioVersion = 10.0.40219.1
Project("{9A19103F-16F7-4668-BE54-9A1E7A4F7556}") = "GameStore", "GameStore.csproj", "{BAE29019-176F-4D08-A864-81592CD48C7F}"
EndProject
Global
	GlobalSection(SolutionConfigurationPlatforms) = preSolution
		Debug|Any CPU = Debug|Any CPU
		Release|Any CPU = Release|Any CPU
	EndGlobalSection
	GlobalSection(ProjectConfigurationPlatforms) = postSolution
		{BAE29019-176F-4D08-A864-81592CD48C7F}.Debug|Any CPU.ActiveCfg = Debug|Any CPU
		{BAE29019-176F-4D08-A864-81592CD48C7F}.Debug|Any CPU.Build.0 = Debug|Any CPU
		{BAE29019-176F-4D08-A864-81592CD48C7F}.Release|Any CPU.ActiveCfg = Release|Any CPU
		{BAE29019-176F-4D08-A864-81592CD48C7F}.Release|Any CPU.Build.0 = Release|Any CPU
	EndGlobalSection
	GlobalSection(SolutionProperties) = preSolution
		HideSolutionNode = FALSE
	EndGlobalSection
	GlobalSection(ExtensibilityGlobals) = postSolution
		SolutionGuid = {23B9A574-B650-4D4E-8D81-8BF30F6598FE}
	EndGlobalSection
EndGlobal
